
Microsoft Visual Studio Solution File, Format Version 12.00
# Visual Studio Version 16
VisualStudioVersion = 16.0.30523.141
MinimumVisualStudioVersion = 10.0.40219.1
Project("{FAE04EC0-301F-11D3-BF4B-00C04F79EFBC}") = "Muresan_Roberta_Andreea_Lab2", "Muresan_Roberta_Andreea_Lab2.csproj", "{D4844DB3-8C1A-4235-883D-F14CB576359B}"
EndProject
Global
	GlobalSection(SolutionConfigurationPlatforms) = preSolution
		Debug|Any CPU = Debug|Any CPU
		Release|Any CPU = Release|Any CPU
	EndGlobalSection
	GlobalSection(ProjectConfigurationPlatforms) = postSolution
		{D4844DB3-8C1A-4235-883D-F14CB576359B}.Debug|Any CPU.ActiveCfg = Debug|Any CPU
		{D4844DB3-8C1A-4235-883D-F14CB576359B}.Debug|Any CPU.Build.0 = Debug|Any CPU
		{D4844DB3-8C1A-4235-883D-F14CB576359B}.Release|Any CPU.ActiveCfg = Release|Any CPU
		{D4844DB3-8C1A-4235-883D-F14CB576359B}.Release|Any CPU.Build.0 = Release|Any CPU
	EndGlobalSection
	GlobalSection(SolutionProperties) = preSolution
		HideSolutionNode = FALSE
	EndGlobalSection
	GlobalSection(ExtensibilityGlobals) = postSolution
		SolutionGuid = {58116802-81AB-473B-9479-69AC91A3BDF1}
	EndGlobalSection
EndGlobal
